
Microsoft Visual Studio Solution File, Format Version 12.00
# Visual Studio Version 17
VisualStudioVersion = 17.14.36310.24 d17.14
MinimumVisualStudioVersion = 10.0.40219.1
Project("{FAE04EC0-301F-11D3-BF4B-00C04F79EFBC}") = "TMD+SZL-Fortnite-project", "TMD+SZL-Fortnite-project.csproj", "{BEB6ED43-DE25-448D-96A3-262CFF16B9FC}"
EndProject
Global
	GlobalSection(SolutionConfigurationPlatforms) = preSolution
		Debug|Any CPU = Debug|Any CPU
		Release|Any CPU = Release|Any CPU
	EndGlobalSection
	GlobalSection(ProjectConfigurationPlatforms) = postSolution
		{BEB6ED43-DE25-448D-96A3-262CFF16B9FC}.Debug|Any CPU.ActiveCfg = Debug|Any CPU
		{BEB6ED43-DE25-448D-96A3-262CFF16B9FC}.Debug|Any CPU.Build.0 = Debug|Any CPU
		{BEB6ED43-DE25-448D-96A3-262CFF16B9FC}.Release|Any CPU.ActiveCfg = Release|Any CPU
		{BEB6ED43-DE25-448D-96A3-262CFF16B9FC}.Release|Any CPU.Build.0 = Release|Any CPU
	EndGlobalSection
	GlobalSection(SolutionProperties) = preSolution
		HideSolutionNode = FALSE
	EndGlobalSection
	GlobalSection(ExtensibilityGlobals) = postSolution
		SolutionGuid = {06860379-3DA5-4979-AE5D-D413E6FE979F}
	EndGlobalSection
EndGlobal
